{
  "name": "notlify-test",
  "version": "1.0.0",
  "lockfileVersion": 1,
  "requires": true,
  "dependencies": {
    "@aws-cdk/assets": {
      "version": "1.80.0",
      "resolved": "https://registry.npmjs.org/@aws-cdk/assets/-/assets-1.80.0.tgz",
      "integrity": "sha512-B/XzeSvnHfbcJqrmLhRPzjkl4VToV4D9zjYz1H3kAEsbcboYr1oqjZ2rql4u5Sr7kI9uCXgO9/QB+1U2VWebhA==",
      "requires": {
        "@aws-cdk/core": "1.80.0",
        "@aws-cdk/cx-api": "1.80.0",
        "constructs": "^3.2.0"
      }
    },
    "@aws-cdk/aws-apigateway": {
      "version": "1.80.0",
      "resolved": "https://registry.npmjs.org/@aws-cdk/aws-apigateway/-/aws-apigateway-1.80.0.tgz",
      "integrity": "sha512-vNyq28M1m/FQGEMfFTA4CG3KyFLgoezsbVlivkdDMQJczpAbSO2XTBggs/20A12JiOey/DsS09WWbk8KGtT2JA==",
      "requires": {
        "@aws-cdk/assets": "1.80.0",
        "@aws-cdk/aws-certificatemanager": "1.80.0",
        "@aws-cdk/aws-cloudwatch": "1.80.0",
        "@aws-cdk/aws-ec2": "1.80.0",
        "@aws-cdk/aws-elasticloadbalancingv2": "1.80.0",
        "@aws-cdk/aws-iam": "1.80.0",
        "@aws-cdk/aws-lambda": "1.80.0",
        "@aws-cdk/aws-logs": "1.80.0",
        "@aws-cdk/aws-s3": "1.80.0",
        "@aws-cdk/aws-s3-assets": "1.80.0",
        "@aws-cdk/core": "1.80.0",
        "@aws-cdk/cx-api": "1.80.0",
        "constructs": "^3.2.0"
      }
    },
    "@aws-cdk/aws-apigatewayv2": {
      "version": "1.80.0",
      "resolved": "https://registry.npmjs.org/@aws-cdk/aws-apigatewayv2/-/aws-apigatewayv2-1.80.0.tgz",
      "integrity": "sha512-xaXfD1ilWlntip4DyVpxWsLnNhPNNGiidTX2U1UTyWnYHgUSTfsq6qIgd/0lykjmdLcQbJozXRmjBbXnQFy9TQ==",
      "requires": {
        "@aws-cdk/aws-certificatemanager": "1.80.0",
        "@aws-cdk/aws-cloudwatch": "1.80.0",
        "@aws-cdk/aws-ec2": "1.80.0",
        "@aws-cdk/aws-iam": "1.80.0",
        "@aws-cdk/core": "1.80.0",
        "constructs": "^3.2.0"
      }
    },
    "@aws-cdk/aws-applicationautoscaling": {
      "version": "1.80.0",
      "resolved": "https://registry.npmjs.org/@aws-cdk/aws-applicationautoscaling/-/aws-applicationautoscaling-1.80.0.tgz",
      "integrity": "sha512-ml/b4nLkBlv+UJqz9+uBJo4/1eaQnU2ui70RfjYTBfXcsZHKIMsKUrOOajCj2zw25x5NsBLmZOlF/1IvUkxVYg==",
      "requires": {
        "@aws-cdk/aws-autoscaling-common": "1.80.0",
        "@aws-cdk/aws-cloudwatch": "1.80.0",
        "@aws-cdk/aws-iam": "1.80.0",
        "@aws-cdk/core": "1.80.0",
        "constructs": "^3.2.0"
      }
    },
    "@aws-cdk/aws-autoscaling-common": {
      "version": "1.80.0",
      "resolved": "https://registry.npmjs.org/@aws-cdk/aws-autoscaling-common/-/aws-autoscaling-common-1.80.0.tgz",
      "integrity": "sha512-n8FvXwt+AVi07lQJOL7kDNNPaW1dySrbxm59wyg0gKdIbb9JzoE7evKbZpB+RQ9fqbvAyxZhB0xZMTPVKmEFWw==",
      "requires": {
        "@aws-cdk/aws-iam": "1.80.0",
        "@aws-cdk/core": "1.80.0",
        "constructs": "^3.2.0"
      }
    },
    "@aws-cdk/aws-certificatemanager": {
      "version": "1.80.0",
      "resolved": "https://registry.npmjs.org/@aws-cdk/aws-certificatemanager/-/aws-certificatemanager-1.80.0.tgz",
      "integrity": "sha512-4eElvoroJ0GXEFKNAhSVCzvpaJKgFioJpYHoDQMOJNZc9kcuU5UgkO0ZI5TwZY125XrWMgOvPEz+GV3C82n25w==",
      "requires": {
        "@aws-cdk/aws-iam": "1.80.0",
        "@aws-cdk/aws-lambda": "1.80.0",
        "@aws-cdk/aws-route53": "1.80.0",
        "@aws-cdk/core": "1.80.0",
        "constructs": "^3.2.0"
      }
    },
    "@aws-cdk/aws-cloudformation": {
      "version": "1.80.0",
      "resolved": "https://registry.npmjs.org/@aws-cdk/aws-cloudformation/-/aws-cloudformation-1.80.0.tgz",
      "integrity": "sha512-961ysL/EvxLt9Gtb1D1BEseP0X6ChgAVnH2fU1iWaLDS+vplEzQkQK3Web8haJ64LxZo8CJokTTCE4ejWIl5nw==",
      "requires": {
        "@aws-cdk/aws-iam": "1.80.0",
        "@aws-cdk/aws-lambda": "1.80.0",
        "@aws-cdk/aws-s3": "1.80.0",
        "@aws-cdk/aws-sns": "1.80.0",
        "@aws-cdk/core": "1.80.0",
        "@aws-cdk/cx-api": "1.80.0",
        "constructs": "^3.2.0"
      }
    },
    "@aws-cdk/aws-cloudfront": {
      "version": "1.80.0",
      "resolved": "https://registry.npmjs.org/@aws-cdk/aws-cloudfront/-/aws-cloudfront-1.80.0.tgz",
      "integrity": "sha512-qS/aKjSWj8gliLTK3DuVMMq/qUwikV681o/yiBB8T7FmYIWOFgydOtV8YX56sZconxRVw0hKhxD6C716/NdZBg==",
      "requires": {
        "@aws-cdk/aws-certificatemanager": "1.80.0",
        "@aws-cdk/aws-cloudwatch": "1.80.0",
        "@aws-cdk/aws-ec2": "1.80.0",
        "@aws-cdk/aws-iam": "1.80.0",
        "@aws-cdk/aws-kms": "1.80.0",
        "@aws-cdk/aws-lambda": "1.80.0",
        "@aws-cdk/aws-s3": "1.80.0",
        "@aws-cdk/aws-ssm": "1.80.0",
        "@aws-cdk/core": "1.80.0",
        "constructs": "^3.2.0"
      }
    },
    "@aws-cdk/aws-cloudwatch": {
      "version": "1.80.0",
      "resolved": "https://registry.npmjs.org/@aws-cdk/aws-cloudwatch/-/aws-cloudwatch-1.80.0.tgz",
      "integrity": "sha512-ZsWy14j4tj+z2DR77pimGwGnR3n9UrCrSZzIgn4iGGdG1YKf5R8iq80ZqP4THhGue+OQCSgVVRD2Hv41oYTy4A==",
      "requires": {
        "@aws-cdk/aws-iam": "1.80.0",
        "@aws-cdk/core": "1.80.0",
        "constructs": "^3.2.0"
      }
    },
    "@aws-cdk/aws-codeguruprofiler": {
      "version": "1.80.0",
      "resolved": "https://registry.npmjs.org/@aws-cdk/aws-codeguruprofiler/-/aws-codeguruprofiler-1.80.0.tgz",
      "integrity": "sha512-42cUfFdVCXTP3a1kCoiDN9om45HrRHhQWkkizZIL5HypbwvoE0oAqw+w2/1KLN+EoA8dHi6+ew4tTHXPrN1CQg==",
      "requires": {
        "@aws-cdk/aws-iam": "1.80.0",
        "@aws-cdk/core": "1.80.0",
        "constructs": "^3.2.0"
      }
    },
    "@aws-cdk/aws-cognito": {
      "version": "1.80.0",
      "resolved": "https://registry.npmjs.org/@aws-cdk/aws-cognito/-/aws-cognito-1.80.0.tgz",
      "integrity": "sha512-8TxzOnkl0IXzjxFbAkT9aRgAO0KJNVhALOkYA6GjwClOYjIujYnRfls9NfpszDX0Vn2SlAJFgHdIGGpfzvR5CQ==",
      "requires": {
        "@aws-cdk/aws-certificatemanager": "1.80.0",
        "@aws-cdk/aws-iam": "1.80.0",
        "@aws-cdk/aws-lambda": "1.80.0",
        "@aws-cdk/core": "1.80.0",
        "@aws-cdk/custom-resources": "1.80.0",
        "constructs": "^3.2.0",
        "punycode": "^2.1.1"
      },
      "dependencies": {
        "punycode": {
          "version": "2.1.1",
          "bundled": true
        }
      }
    },
    "@aws-cdk/aws-ec2": {
      "version": "1.80.0",
      "resolved": "https://registry.npmjs.org/@aws-cdk/aws-ec2/-/aws-ec2-1.80.0.tgz",
      "integrity": "sha512-3PoI1CpXqB5fuyIojBoPkEVGVa51WpbSYLPfDbyAqESYO35Evegx1/6PNZ9O6168UBaCsV3TE5gQm6YoWewRIQ==",
      "requires": {
        "@aws-cdk/aws-cloudwatch": "1.80.0",
        "@aws-cdk/aws-iam": "1.80.0",
        "@aws-cdk/aws-kms": "1.80.0",
        "@aws-cdk/aws-logs": "1.80.0",
        "@aws-cdk/aws-s3": "1.80.0",
        "@aws-cdk/aws-s3-assets": "1.80.0",
        "@aws-cdk/aws-ssm": "1.80.0",
        "@aws-cdk/cloud-assembly-schema": "1.80.0",
        "@aws-cdk/core": "1.80.0",
        "@aws-cdk/cx-api": "1.80.0",
        "@aws-cdk/region-info": "1.80.0",
        "constructs": "^3.2.0"
      }
    },
    "@aws-cdk/aws-ecr": {
      "version": "1.80.0",
      "resolved": "https://registry.npmjs.org/@aws-cdk/aws-ecr/-/aws-ecr-1.80.0.tgz",
      "integrity": "sha512-2A7++ex2vtuK4AUeysBfRdjPvkGVccLYgYVC1tXfx/VvNRTQz9ygJ06Za2O20LZ4iZ5ZpNByyuSPKw4inwu5hw==",
      "requires": {
        "@aws-cdk/aws-events": "1.80.0",
        "@aws-cdk/aws-iam": "1.80.0",
        "@aws-cdk/core": "1.80.0",
        "constructs": "^3.2.0"
      }
    },
    "@aws-cdk/aws-ecr-assets": {
      "version": "1.80.0",
      "resolved": "https://registry.npmjs.org/@aws-cdk/aws-ecr-assets/-/aws-ecr-assets-1.80.0.tgz",
      "integrity": "sha512-jeS8T7dFLMGK9pVy3ijqB+vd/QlPa+DAarj0quAgGDh7rNN3kC8ckM8XKbabA2NXs04wU+PoSW/+h4QUVe3E1w==",
      "requires": {
        "@aws-cdk/assets": "1.80.0",
        "@aws-cdk/aws-ecr": "1.80.0",
        "@aws-cdk/aws-iam": "1.80.0",
        "@aws-cdk/aws-s3": "1.80.0",
        "@aws-cdk/core": "1.80.0",
        "@aws-cdk/cx-api": "1.80.0",
        "constructs": "^3.2.0",
        "minimatch": "^3.0.4"
      },
      "dependencies": {
        "balanced-match": {
          "version": "1.0.0",
          "bundled": true
        },
        "brace-expansion": {
          "version": "1.1.11",
          "bundled": true,
          "requires": {
            "balanced-match": "^1.0.0",
            "concat-map": "0.0.1"
          }
        },
        "concat-map": {
          "version": "0.0.1",
          "bundled": true
        },
        "minimatch": {
          "version": "3.0.4",
          "bundled": true,
          "requires": {
            "brace-expansion": "^1.1.7"
          }
        }
      }
    },
    "@aws-cdk/aws-efs": {
      "version": "1.80.0",
      "resolved": "https://registry.npmjs.org/@aws-cdk/aws-efs/-/aws-efs-1.80.0.tgz",
      "integrity": "sha512-9iXlSx17DtkrdefA6cWy6hFGGi/nDRv8ItwG7eQAR3rcS0r17PHIDVGpAGyTyjNMKbS+yR1PFZkZqzmEXFkfFA==",
      "requires": {
        "@aws-cdk/aws-ec2": "1.80.0",
        "@aws-cdk/aws-kms": "1.80.0",
        "@aws-cdk/cloud-assembly-schema": "1.80.0",
        "@aws-cdk/core": "1.80.0",
        "@aws-cdk/cx-api": "1.80.0",
        "constructs": "^3.2.0"
      }
    },
    "@aws-cdk/aws-elasticloadbalancing": {
      "version": "1.80.0",
      "resolved": "https://registry.npmjs.org/@aws-cdk/aws-elasticloadbalancing/-/aws-elasticloadbalancing-1.80.0.tgz",
      "integrity": "sha512-nk2PjXUWFvJTjwr2r6c9YJxTeE2n2GuejnYhSWWi6XduHDCF+g29M5axglDykjalgk3Z1TOBot3cq0J9K/Xu/Q==",
      "requires": {
        "@aws-cdk/aws-ec2": "1.80.0",
        "@aws-cdk/core": "1.80.0",
        "constructs": "^3.2.0"
      }
    },
    "@aws-cdk/aws-elasticloadbalancingv2": {
      "version": "1.80.0",
      "resolved": "https://registry.npmjs.org/@aws-cdk/aws-elasticloadbalancingv2/-/aws-elasticloadbalancingv2-1.80.0.tgz",
      "integrity": "sha512-LNoYtOfElXYke2U4bIsaCqJEipkwn7HFuH3eCzHPhPMlywt8VV+ENKkexdaZ8cgQy2cUF076WqFoO463OQF3QA==",
      "requires": {
        "@aws-cdk/aws-certificatemanager": "1.80.0",
        "@aws-cdk/aws-cloudwatch": "1.80.0",
        "@aws-cdk/aws-ec2": "1.80.0",
        "@aws-cdk/aws-iam": "1.80.0",
        "@aws-cdk/aws-lambda": "1.80.0",
        "@aws-cdk/aws-s3": "1.80.0",
        "@aws-cdk/cloud-assembly-schema": "1.80.0",
        "@aws-cdk/core": "1.80.0",
        "@aws-cdk/cx-api": "1.80.0",
        "@aws-cdk/region-info": "1.80.0",
        "constructs": "^3.2.0"
      }
    },
    "@aws-cdk/aws-events": {
      "version": "1.80.0",
      "resolved": "https://registry.npmjs.org/@aws-cdk/aws-events/-/aws-events-1.80.0.tgz",
      "integrity": "sha512-n3JSFeDtOLnQnGNNPMv2htytgx/KI/5NGYrcLmzjYqhlA1Sj+VxAab2l4UUScWNG9/UNYtBTb7mfmiXdSGvdVg==",
      "requires": {
        "@aws-cdk/aws-iam": "1.80.0",
        "@aws-cdk/core": "1.80.0",
        "constructs": "^3.2.0"
      }
    },
    "@aws-cdk/aws-iam": {
      "version": "1.80.0",
      "resolved": "https://registry.npmjs.org/@aws-cdk/aws-iam/-/aws-iam-1.80.0.tgz",
      "integrity": "sha512-/DjB4b4wPVOc8v1IdvGB+ZCNtxcYh6pdt6xJqAJfZj1349ZEDp/bei+Sx18UNW3/eCckhQk29Ys7bMmX0VkzTg==",
      "requires": {
        "@aws-cdk/core": "1.80.0",
        "@aws-cdk/region-info": "1.80.0",
        "constructs": "^3.2.0"
      }
    },
    "@aws-cdk/aws-kms": {
      "version": "1.80.0",
      "resolved": "https://registry.npmjs.org/@aws-cdk/aws-kms/-/aws-kms-1.80.0.tgz",
      "integrity": "sha512-L83AForpUurDLjUXYiXSR+Jwtg/HH+MLxLXMVnkBJkgqBR3PJ1AXBnlRoGwJIPqEXwVlRIsbIJWeC5+3TvMqww==",
      "requires": {
        "@aws-cdk/aws-iam": "1.80.0",
        "@aws-cdk/core": "1.80.0",
        "@aws-cdk/cx-api": "1.80.0",
        "constructs": "^3.2.0"
      }
    },
    "@aws-cdk/aws-lambda": {
      "version": "1.80.0",
      "resolved": "https://registry.npmjs.org/@aws-cdk/aws-lambda/-/aws-lambda-1.80.0.tgz",
      "integrity": "sha512-mAmIi2hFMe+X4Z4kfq1JwJTo18djIsf9N6ES0DOpsqivuDn2NRKwbTDB2U2qa+vZV4zOzFPHtcqJ+NYVaHxbjA==",
      "requires": {
        "@aws-cdk/aws-applicationautoscaling": "1.80.0",
        "@aws-cdk/aws-cloudwatch": "1.80.0",
        "@aws-cdk/aws-codeguruprofiler": "1.80.0",
        "@aws-cdk/aws-ec2": "1.80.0",
        "@aws-cdk/aws-ecr": "1.80.0",
        "@aws-cdk/aws-ecr-assets": "1.80.0",
        "@aws-cdk/aws-efs": "1.80.0",
        "@aws-cdk/aws-events": "1.80.0",
        "@aws-cdk/aws-iam": "1.80.0",
        "@aws-cdk/aws-kms": "1.80.0",
        "@aws-cdk/aws-logs": "1.80.0",
        "@aws-cdk/aws-s3": "1.80.0",
        "@aws-cdk/aws-s3-assets": "1.80.0",
        "@aws-cdk/aws-sqs": "1.80.0",
        "@aws-cdk/core": "1.80.0",
        "@aws-cdk/cx-api": "1.80.0",
        "constructs": "^3.2.0"
      }
    },
    "@aws-cdk/aws-lambda-nodejs": {
      "version": "1.80.0",
      "resolved": "https://registry.npmjs.org/@aws-cdk/aws-lambda-nodejs/-/aws-lambda-nodejs-1.80.0.tgz",
      "integrity": "sha512-y+JaO8wuceQH0PvRxk9GLeiwn/uQ+pfJWeTuqbtNS7We8Xj7EBQhDBtX5lA3BBmxwuv0flC76Nq4pbGBGQ4MvQ==",
      "requires": {
        "@aws-cdk/aws-lambda": "1.80.0",
        "@aws-cdk/core": "1.80.0",
        "constructs": "^3.2.0"
      }
    },
    "@aws-cdk/aws-logs": {
      "version": "1.80.0",
      "resolved": "https://registry.npmjs.org/@aws-cdk/aws-logs/-/aws-logs-1.80.0.tgz",
      "integrity": "sha512-gdkWutvAKcmRBbEmA6cmYfyotHfWjMKgp4k32W+8nKNXHlfXjhx9E7X2BdAWGseZltYbVHpYY3s028nn51SnZA==",
      "requires": {
        "@aws-cdk/aws-cloudwatch": "1.80.0",
        "@aws-cdk/aws-iam": "1.80.0",
        "@aws-cdk/aws-kms": "1.80.0",
        "@aws-cdk/aws-s3-assets": "1.80.0",
        "@aws-cdk/core": "1.80.0",
        "constructs": "^3.2.0"
      }
    },
    "@aws-cdk/aws-route53": {
      "version": "1.80.0",
      "resolved": "https://registry.npmjs.org/@aws-cdk/aws-route53/-/aws-route53-1.80.0.tgz",
      "integrity": "sha512-SrmnC7TvwJyxHmQiVBR3Y0gp7/f2C+hnxnkl1hxTeMtAllQepRdqqOqQaqsj+rAwY6hmLVGgcNYYR4KhiRTldA==",
      "requires": {
        "@aws-cdk/aws-ec2": "1.80.0",
        "@aws-cdk/aws-logs": "1.80.0",
        "@aws-cdk/cloud-assembly-schema": "1.80.0",
        "@aws-cdk/core": "1.80.0",
        "@aws-cdk/custom-resources": "1.80.0",
        "constructs": "^3.2.0"
      }
    },
    "@aws-cdk/aws-route53-targets": {
      "version": "1.80.0",
      "resolved": "https://registry.npmjs.org/@aws-cdk/aws-route53-targets/-/aws-route53-targets-1.80.0.tgz",
      "integrity": "sha512-TKK82qRl8T0L1R0gfWAiw1WKjOt3PsKOMwsRPB1Y2zSCi48ex0rfKzi+pQzdnMcFYH/X+38xom5VvhSz0ZBymg==",
      "requires": {
        "@aws-cdk/aws-apigateway": "1.80.0",
        "@aws-cdk/aws-apigatewayv2": "1.80.0",
        "@aws-cdk/aws-cloudfront": "1.80.0",
        "@aws-cdk/aws-cognito": "1.80.0",
        "@aws-cdk/aws-ec2": "1.80.0",
        "@aws-cdk/aws-elasticloadbalancing": "1.80.0",
        "@aws-cdk/aws-elasticloadbalancingv2": "1.80.0",
        "@aws-cdk/aws-iam": "1.80.0",
        "@aws-cdk/aws-route53": "1.80.0",
        "@aws-cdk/aws-s3": "1.80.0",
        "@aws-cdk/core": "1.80.0",
        "@aws-cdk/region-info": "1.80.0",
        "constructs": "^3.2.0"
      }
    },
    "@aws-cdk/aws-s3": {
      "version": "1.80.0",
      "resolved": "https://registry.npmjs.org/@aws-cdk/aws-s3/-/aws-s3-1.80.0.tgz",
      "integrity": "sha512-b2IGJXPN3iSQcm4a0jBMNtbkmVyphyzObIAgGRjC/vRaKQyTWTrAGVZhVUIHIaRKoSyOzjpJnc5cpHVe5GgRzQ==",
      "requires": {
        "@aws-cdk/aws-events": "1.80.0",
        "@aws-cdk/aws-iam": "1.80.0",
        "@aws-cdk/aws-kms": "1.80.0",
        "@aws-cdk/core": "1.80.0",
        "constructs": "^3.2.0"
      }
    },
    "@aws-cdk/aws-s3-assets": {
      "version": "1.80.0",
      "resolved": "https://registry.npmjs.org/@aws-cdk/aws-s3-assets/-/aws-s3-assets-1.80.0.tgz",
      "integrity": "sha512-WkjgeUGi3EYKsOX7NLmfOLS3aqHUt/Wqeeuu8+Gu9XdxIsEYyNS1WmO/JDW8hEF7X/codbl74W2Atnrrs4fzFA==",
      "requires": {
        "@aws-cdk/assets": "1.80.0",
        "@aws-cdk/aws-iam": "1.80.0",
        "@aws-cdk/aws-kms": "1.80.0",
        "@aws-cdk/aws-s3": "1.80.0",
        "@aws-cdk/core": "1.80.0",
        "@aws-cdk/cx-api": "1.80.0",
        "constructs": "^3.2.0"
      }
    },
    "@aws-cdk/aws-s3-deployment": {
      "version": "1.80.0",
      "resolved": "https://registry.npmjs.org/@aws-cdk/aws-s3-deployment/-/aws-s3-deployment-1.80.0.tgz",
      "integrity": "sha512-0nkFcvbmgvTMAR8zjoLerw0emWD6JQyQVTDup89RCYDsGwGoVVkqIhjVumlk6GFudb17wvzfS34wD0cRXwEcbg==",
      "requires": {
        "@aws-cdk/aws-cloudfront": "1.80.0",
        "@aws-cdk/aws-ec2": "1.80.0",
        "@aws-cdk/aws-iam": "1.80.0",
        "@aws-cdk/aws-lambda": "1.80.0",
        "@aws-cdk/aws-s3": "1.80.0",
        "@aws-cdk/aws-s3-assets": "1.80.0",
        "@aws-cdk/core": "1.80.0",
        "constructs": "^3.2.0"
      }
    },
    "@aws-cdk/aws-sns": {
      "version": "1.80.0",
      "resolved": "https://registry.npmjs.org/@aws-cdk/aws-sns/-/aws-sns-1.80.0.tgz",
      "integrity": "sha512-yLUZ87ZxzH9/kEWnz+lAB7bObS/UniYuvJrHcWQ0sZrjLMp1XIfhcINwZaSdS0lnoUcUBmOpS0b9kdlLjEMvOA==",
      "requires": {
        "@aws-cdk/aws-cloudwatch": "1.80.0",
        "@aws-cdk/aws-events": "1.80.0",
        "@aws-cdk/aws-iam": "1.80.0",
        "@aws-cdk/aws-kms": "1.80.0",
        "@aws-cdk/aws-sqs": "1.80.0",
        "@aws-cdk/core": "1.80.0",
        "constructs": "^3.2.0"
      }
    },
    "@aws-cdk/aws-sqs": {
      "version": "1.80.0",
      "resolved": "https://registry.npmjs.org/@aws-cdk/aws-sqs/-/aws-sqs-1.80.0.tgz",
      "integrity": "sha512-AibHG4crE5HpCzggyusoIXqbFObtJ5bGtPQFDkGZ2TaTC4Hkq9vxeq3glfGZ2OUyh2gm8nA6Ne30ECK4KebAxQ==",
      "requires": {
        "@aws-cdk/aws-cloudwatch": "1.80.0",
        "@aws-cdk/aws-iam": "1.80.0",
        "@aws-cdk/aws-kms": "1.80.0",
        "@aws-cdk/core": "1.80.0",
        "constructs": "^3.2.0"
      }
    },
    "@aws-cdk/aws-ssm": {
      "version": "1.80.0",
      "resolved": "https://registry.npmjs.org/@aws-cdk/aws-ssm/-/aws-ssm-1.80.0.tgz",
      "integrity": "sha512-1//4Q4yFVIjpNnSA5uRZDYU1b9cKO4tKrKyqFhNK3s6F8ykdyhIBFd2oLiIfGHOg6yEWpWTAhHVkekSLxViMcw==",
      "requires": {
        "@aws-cdk/aws-iam": "1.80.0",
        "@aws-cdk/aws-kms": "1.80.0",
        "@aws-cdk/cloud-assembly-schema": "1.80.0",
        "@aws-cdk/core": "1.80.0",
        "constructs": "^3.2.0"
      }
    },
    "@aws-cdk/cloud-assembly-schema": {
      "version": "1.80.0",
      "resolved": "https://registry.npmjs.org/@aws-cdk/cloud-assembly-schema/-/cloud-assembly-schema-1.80.0.tgz",
      "integrity": "sha512-DabdtYfsQDye+MjboPMPz6hqh5sNxi9l62lrYdC42wbcY30b0ZAMdDB/nawqQTu2o4eUEk5XlGm2QLkWN15Elg==",
      "requires": {
        "jsonschema": "^1.4.0",
        "semver": "^7.3.2"
      },
      "dependencies": {
        "jsonschema": {
          "version": "1.4.0",
          "bundled": true
        },
        "semver": {
          "version": "7.3.2",
          "bundled": true
        }
      }
    },
    "@aws-cdk/core": {
      "version": "1.80.0",
      "resolved": "https://registry.npmjs.org/@aws-cdk/core/-/core-1.80.0.tgz",
      "integrity": "sha512-3Ksbs11gKIZWdqeUthUFsBSnKPTCCnV+0SG+v+ewGqgZtP0k91gHmYDOg7PsBFWMaKtsJLEzNlhGxBnDSFZUUA==",
      "requires": {
        "@aws-cdk/cloud-assembly-schema": "1.80.0",
        "@aws-cdk/cx-api": "1.80.0",
        "@aws-cdk/region-info": "1.80.0",
        "@balena/dockerignore": "^1.0.2",
        "constructs": "^3.2.0",
        "fs-extra": "^9.0.1",
        "ignore": "^5.1.8",
        "minimatch": "^3.0.4"
      },
      "dependencies": {
        "@balena/dockerignore": {
          "version": "1.0.2",
          "bundled": true
        },
        "at-least-node": {
          "version": "1.0.0",
          "bundled": true
        },
        "balanced-match": {
          "version": "1.0.0",
          "bundled": true
        },
        "brace-expansion": {
          "version": "1.1.11",
          "bundled": true,
          "requires": {
            "balanced-match": "^1.0.0",
            "concat-map": "0.0.1"
          }
        },
        "concat-map": {
          "version": "0.0.1",
          "bundled": true
        },
        "fs-extra": {
          "version": "9.0.1",
          "bundled": true,
          "requires": {
            "at-least-node": "^1.0.0",
            "graceful-fs": "^4.2.0",
            "jsonfile": "^6.0.1",
            "universalify": "^1.0.0"
          }
        },
        "graceful-fs": {
          "version": "4.2.4",
          "bundled": true
        },
        "ignore": {
          "version": "5.1.8",
          "bundled": true
        },
        "jsonfile": {
          "version": "6.1.0",
          "bundled": true,
          "requires": {
            "graceful-fs": "^4.1.6",
            "universalify": "^2.0.0"
          },
          "dependencies": {
            "universalify": {
              "version": "2.0.0",
              "bundled": true
            }
          }
        },
        "minimatch": {
          "version": "3.0.4",
          "bundled": true,
          "requires": {
            "brace-expansion": "^1.1.7"
          }
        },
        "universalify": {
          "version": "1.0.0",
          "bundled": true
        }
      }
    },
    "@aws-cdk/custom-resources": {
      "version": "1.80.0",
      "resolved": "https://registry.npmjs.org/@aws-cdk/custom-resources/-/custom-resources-1.80.0.tgz",
      "integrity": "sha512-xUV0Fu3qDWtsaoxDZs5AbUnYdOrxJvYhRRgj77n/e5vQQT0oqFvV3yzhHlPgY3anZSHEaar7j7I695k37kuO+A==",
      "requires": {
        "@aws-cdk/aws-cloudformation": "1.80.0",
        "@aws-cdk/aws-ec2": "1.80.0",
        "@aws-cdk/aws-iam": "1.80.0",
        "@aws-cdk/aws-lambda": "1.80.0",
        "@aws-cdk/aws-logs": "1.80.0",
        "@aws-cdk/aws-sns": "1.80.0",
        "@aws-cdk/core": "1.80.0",
        "constructs": "^3.2.0"
      }
    },
    "@aws-cdk/cx-api": {
      "version": "1.80.0",
      "resolved": "https://registry.npmjs.org/@aws-cdk/cx-api/-/cx-api-1.80.0.tgz",
      "integrity": "sha512-DqiXFoX02vcf7g5vk9mdEZuNdpC8mIZVJZNfcyab5E13WMxGNWFYZnKZe66R7rRBIceBpTQI7y7upVzyil4v5A==",
      "requires": {
        "@aws-cdk/cloud-assembly-schema": "1.80.0",
        "semver": "^7.3.2"
      },
      "dependencies": {
        "semver": {
          "version": "7.3.2",
          "bundled": true
        }
      }
    },
    "@aws-cdk/region-info": {
      "version": "1.80.0",
      "resolved": "https://registry.npmjs.org/@aws-cdk/region-info/-/region-info-1.80.0.tgz",
      "integrity": "sha512-3JwsbbTsLUakDycvZtCNo5ClXvg5TfUj4RR61BA7rF5uJlo6+PnCcu8LCcO919WOuhoNOuRtdIq7G8VFoE2Y1w=="
    },
    "@jakepartusch/notlify": {
      "version": "0.0.5",
      "resolved": "https://registry.npmjs.org/@jakepartusch/notlify/-/notlify-0.0.5.tgz",
      "integrity": "sha512-vt2RQ0QPF90AGlkvHo9qKVsgYpwTYTNYJ3Usr+ercXfQNyHpCQN+siWqCaW1BcKdldUkfqKrILhKQvytvkTqBw==",
      "requires": {
        "@aws-cdk/aws-apigateway": "1.80.0",
        "@aws-cdk/aws-certificatemanager": "1.80.0",
        "@aws-cdk/aws-cloudfront": "1.80.0",
        "@aws-cdk/aws-lambda-nodejs": "1.80.0",
        "@aws-cdk/aws-route53": "1.80.0",
        "@aws-cdk/aws-route53-targets": "1.80.0",
        "@aws-cdk/aws-s3": "1.80.0",
        "@aws-cdk/aws-s3-deployment": "1.80.0",
        "@aws-cdk/core": "1.80.0",
        "arg": "^5.0.0"
      }
    },
    "@types/aws-lambda": {
      "version": "8.10.70",
      "resolved": "https://registry.npmjs.org/@types/aws-lambda/-/aws-lambda-8.10.70.tgz",
      "integrity": "sha512-adaPn39OKMIzCxaf2KHBu4d3MJKLGdm27zxAyag+rAI1UTwgtgEgrwRpuzN1NDMZn/i6vRxJZRbsSmlw7I0/Sg==",
      "dev": true
    },
    "arg": {
      "version": "5.0.0",
      "resolved": "https://registry.npmjs.org/arg/-/arg-5.0.0.tgz",
      "integrity": "sha512-4P8Zm2H+BRS+c/xX1LrHw0qKpEhdlZjLCgWy+d78T9vqa2Z2SiD2wMrYuWIAFy5IZUD7nnNXroRttz+0RzlrzQ=="
    },
    "constructs": {
      "version": "3.2.108",
      "resolved": "https://registry.npmjs.org/constructs/-/constructs-3.2.108.tgz",
      "integrity": "sha512-IZJTQ9+1PjXTpf4UbIXXm1MCsilQSjJGi9r1fzrr/+7A8AYdOyzuGh8kq8IjFOhTFCsF/sU4wUGTGSSc3d4ygQ=="
    }
  }
}
