{
  "name": "notlify-test",
  "version": "1.0.0",
  "lockfileVersion": 1,
  "requires": true,
  "dependencies": {
    "@aws-cdk/assets": {
      "version": "1.85.0",
      "resolved": "https://registry.npmjs.org/@aws-cdk/assets/-/assets-1.85.0.tgz",
      "integrity": "sha512-34NPwgqwWDs70OsMJA6YeujI4RlYiVfG5fAA7ir54igLPDLCmR4b4UlFsUWl7XkznuMDgiShYe6yvmfmK8FEMg==",
      "dev": true,
      "requires": {
        "@aws-cdk/core": "1.85.0",
        "@aws-cdk/cx-api": "1.85.0",
        "constructs": "^3.2.0"
      }
    },
    "@aws-cdk/aws-apigateway": {
      "version": "1.85.0",
      "resolved": "https://registry.npmjs.org/@aws-cdk/aws-apigateway/-/aws-apigateway-1.85.0.tgz",
      "integrity": "sha512-oP0Y6a3wB+1rIke/gYjUtDiXqiS5Lpw5yZXEWxJXtiqfDYOtMqGoiFXvBdF03zEzxEPtORnvC0Z2kviNA1Zbiw==",
      "dev": true,
      "requires": {
        "@aws-cdk/assets": "1.85.0",
        "@aws-cdk/aws-certificatemanager": "1.85.0",
        "@aws-cdk/aws-cloudwatch": "1.85.0",
        "@aws-cdk/aws-ec2": "1.85.0",
        "@aws-cdk/aws-elasticloadbalancingv2": "1.85.0",
        "@aws-cdk/aws-iam": "1.85.0",
        "@aws-cdk/aws-lambda": "1.85.0",
        "@aws-cdk/aws-logs": "1.85.0",
        "@aws-cdk/aws-s3": "1.85.0",
        "@aws-cdk/aws-s3-assets": "1.85.0",
        "@aws-cdk/core": "1.85.0",
        "@aws-cdk/cx-api": "1.85.0",
        "constructs": "^3.2.0"
      }
    },
    "@aws-cdk/aws-apigatewayv2": {
      "version": "1.85.0",
      "resolved": "https://registry.npmjs.org/@aws-cdk/aws-apigatewayv2/-/aws-apigatewayv2-1.85.0.tgz",
      "integrity": "sha512-e1zHGPM22lEKej+zHZvi7Jo8EyVQVVcvzcsgfmwDrrfAQLRfdcAVxylFRssvMbelLapYlG3blV8ANMo94pOGNg==",
      "dev": true,
      "requires": {
        "@aws-cdk/aws-certificatemanager": "1.85.0",
        "@aws-cdk/aws-cloudwatch": "1.85.0",
        "@aws-cdk/aws-ec2": "1.85.0",
        "@aws-cdk/aws-iam": "1.85.0",
        "@aws-cdk/core": "1.85.0",
        "constructs": "^3.2.0"
      }
    },
    "@aws-cdk/aws-applicationautoscaling": {
      "version": "1.85.0",
      "resolved": "https://registry.npmjs.org/@aws-cdk/aws-applicationautoscaling/-/aws-applicationautoscaling-1.85.0.tgz",
      "integrity": "sha512-OO/rNJsJPD0lGAZfb+BBHp+8xrnsMB2so4YwEtqanf7n4DXR1Kfr2TzZLj77rOk+QApjJJR1uF4hTmR73qO7FA==",
      "dev": true,
      "requires": {
        "@aws-cdk/aws-autoscaling-common": "1.85.0",
        "@aws-cdk/aws-cloudwatch": "1.85.0",
        "@aws-cdk/aws-iam": "1.85.0",
        "@aws-cdk/core": "1.85.0",
        "constructs": "^3.2.0"
      }
    },
    "@aws-cdk/aws-autoscaling-common": {
      "version": "1.85.0",
      "resolved": "https://registry.npmjs.org/@aws-cdk/aws-autoscaling-common/-/aws-autoscaling-common-1.85.0.tgz",
      "integrity": "sha512-JatGmQpEtQLn4MFEXjD83Pi9le3UecaTONZplvKdP9LHoD5J8JC4v3WBsJlj0SR+haM1gdwGJgn4npbsGe7r9w==",
      "dev": true,
      "requires": {
        "@aws-cdk/aws-iam": "1.85.0",
        "@aws-cdk/core": "1.85.0",
        "constructs": "^3.2.0"
      }
    },
    "@aws-cdk/aws-certificatemanager": {
      "version": "1.85.0",
      "resolved": "https://registry.npmjs.org/@aws-cdk/aws-certificatemanager/-/aws-certificatemanager-1.85.0.tgz",
      "integrity": "sha512-/udYNoBm0BRj5Hbq2gLAZNnIZf5nP7qy/bMYHsQNGW2OiAh5vLabSXFxEH8j6H00RMFsshlAGdtmXFDGSDFpXQ==",
      "dev": true,
      "requires": {
        "@aws-cdk/aws-iam": "1.85.0",
        "@aws-cdk/aws-lambda": "1.85.0",
        "@aws-cdk/aws-route53": "1.85.0",
        "@aws-cdk/core": "1.85.0",
        "constructs": "^3.2.0"
      }
    },
    "@aws-cdk/aws-cloudformation": {
      "version": "1.85.0",
      "resolved": "https://registry.npmjs.org/@aws-cdk/aws-cloudformation/-/aws-cloudformation-1.85.0.tgz",
      "integrity": "sha512-NGfxt11L+C/C3SRtv2xmjm6Od1BhMJXzBDf2mSMLUkEcIYOsLpewj5wfEEAfC3Xi/avQVZlTW1Ev1rrltgHzlg==",
      "dev": true,
      "requires": {
        "@aws-cdk/aws-iam": "1.85.0",
        "@aws-cdk/aws-lambda": "1.85.0",
        "@aws-cdk/aws-s3": "1.85.0",
        "@aws-cdk/aws-sns": "1.85.0",
        "@aws-cdk/core": "1.85.0",
        "@aws-cdk/cx-api": "1.85.0",
        "constructs": "^3.2.0"
      }
    },
    "@aws-cdk/aws-cloudfront": {
      "version": "1.85.0",
      "resolved": "https://registry.npmjs.org/@aws-cdk/aws-cloudfront/-/aws-cloudfront-1.85.0.tgz",
      "integrity": "sha512-fbyOj32ZAp/pFsSsvJAYrQsEDU++5O4ZI2unxt7CjtrbnimpltuGqkSWOczlzJSGFWD0Qqamp3eZC6UWidYMgA==",
      "dev": true,
      "requires": {
        "@aws-cdk/aws-certificatemanager": "1.85.0",
        "@aws-cdk/aws-cloudwatch": "1.85.0",
        "@aws-cdk/aws-ec2": "1.85.0",
        "@aws-cdk/aws-iam": "1.85.0",
        "@aws-cdk/aws-kms": "1.85.0",
        "@aws-cdk/aws-lambda": "1.85.0",
        "@aws-cdk/aws-s3": "1.85.0",
        "@aws-cdk/aws-ssm": "1.85.0",
        "@aws-cdk/core": "1.85.0",
        "constructs": "^3.2.0"
      }
    },
    "@aws-cdk/aws-cloudwatch": {
      "version": "1.85.0",
      "resolved": "https://registry.npmjs.org/@aws-cdk/aws-cloudwatch/-/aws-cloudwatch-1.85.0.tgz",
      "integrity": "sha512-vz+nPtvfeVc1EI+iRl7PIEIwiaqV7+aiM1pdkA1AcCPRELIWkBsiLOUIpHeVncHbNure/Jl12Djbgv20cFyU3g==",
      "dev": true,
      "requires": {
        "@aws-cdk/aws-iam": "1.85.0",
        "@aws-cdk/core": "1.85.0",
        "constructs": "^3.2.0"
      }
    },
    "@aws-cdk/aws-codeguruprofiler": {
      "version": "1.85.0",
      "resolved": "https://registry.npmjs.org/@aws-cdk/aws-codeguruprofiler/-/aws-codeguruprofiler-1.85.0.tgz",
      "integrity": "sha512-Ag1tK9vi54fHXOK+yb+b4Lj2mmdnJRTqQDxUZPG8/LVfYvKWolt8pxCox6UrOr7eBcveH0tjGcBKqMexM9KK4A==",
      "dev": true,
      "requires": {
        "@aws-cdk/aws-iam": "1.85.0",
        "@aws-cdk/core": "1.85.0",
        "constructs": "^3.2.0"
      }
    },
    "@aws-cdk/aws-cognito": {
      "version": "1.85.0",
      "resolved": "https://registry.npmjs.org/@aws-cdk/aws-cognito/-/aws-cognito-1.85.0.tgz",
      "integrity": "sha512-ODqUQMx0IqV3c/bGoJlNnG9WT1j4oVMYR+gJNe4osujeFAOHi3ycNDqPmkesdwI63RdH8fFIDt06u5xKni7WPQ==",
      "dev": true,
      "requires": {
        "@aws-cdk/aws-certificatemanager": "1.85.0",
        "@aws-cdk/aws-iam": "1.85.0",
        "@aws-cdk/aws-lambda": "1.85.0",
        "@aws-cdk/core": "1.85.0",
        "@aws-cdk/custom-resources": "1.85.0",
        "constructs": "^3.2.0",
        "punycode": "^2.1.1"
      },
      "dependencies": {
        "punycode": {
          "version": "2.1.1",
          "bundled": true,
          "dev": true
        }
      }
    },
    "@aws-cdk/aws-ec2": {
      "version": "1.85.0",
      "resolved": "https://registry.npmjs.org/@aws-cdk/aws-ec2/-/aws-ec2-1.85.0.tgz",
      "integrity": "sha512-IHbIwsB3lFKMRT48hZBwD+5qaCkLbVTIvX83KMjvsUDAVLWdDl8UReo5P9dfE2dNdOAWf132v5Z3KbbYtU32vg==",
      "dev": true,
      "requires": {
        "@aws-cdk/aws-cloudwatch": "1.85.0",
        "@aws-cdk/aws-iam": "1.85.0",
        "@aws-cdk/aws-kms": "1.85.0",
        "@aws-cdk/aws-logs": "1.85.0",
        "@aws-cdk/aws-s3": "1.85.0",
        "@aws-cdk/aws-s3-assets": "1.85.0",
        "@aws-cdk/aws-ssm": "1.85.0",
        "@aws-cdk/cloud-assembly-schema": "1.85.0",
        "@aws-cdk/core": "1.85.0",
        "@aws-cdk/cx-api": "1.85.0",
        "@aws-cdk/region-info": "1.85.0",
        "constructs": "^3.2.0"
      }
    },
    "@aws-cdk/aws-ecr": {
      "version": "1.85.0",
      "resolved": "https://registry.npmjs.org/@aws-cdk/aws-ecr/-/aws-ecr-1.85.0.tgz",
      "integrity": "sha512-ZV9NO2cElR5+VuH3SfAUBovgFACRzvyvppDP/yDhqXJ9eWwBwDlEJpmFtC5K6kc0txSOFXoO5sTAUXoO80Kj5w==",
      "dev": true,
      "requires": {
        "@aws-cdk/aws-events": "1.85.0",
        "@aws-cdk/aws-iam": "1.85.0",
        "@aws-cdk/core": "1.85.0",
        "constructs": "^3.2.0"
      }
    },
    "@aws-cdk/aws-ecr-assets": {
      "version": "1.85.0",
      "resolved": "https://registry.npmjs.org/@aws-cdk/aws-ecr-assets/-/aws-ecr-assets-1.85.0.tgz",
      "integrity": "sha512-xiXr+51EaPwu1gCFATO0YB73T6ImFxHVoix9nQFQ3Iqvd0ys8ZZawT63ziseccs2EQaGgoaVTc57MajOMudNyw==",
      "dev": true,
      "requires": {
        "@aws-cdk/assets": "1.85.0",
        "@aws-cdk/aws-ecr": "1.85.0",
        "@aws-cdk/aws-iam": "1.85.0",
        "@aws-cdk/aws-s3": "1.85.0",
        "@aws-cdk/core": "1.85.0",
        "@aws-cdk/cx-api": "1.85.0",
        "constructs": "^3.2.0",
        "minimatch": "^3.0.4"
      },
      "dependencies": {
        "balanced-match": {
          "version": "1.0.0",
          "bundled": true,
          "dev": true
        },
        "brace-expansion": {
          "version": "1.1.11",
          "bundled": true,
          "dev": true,
          "requires": {
            "balanced-match": "^1.0.0",
            "concat-map": "0.0.1"
          }
        },
        "concat-map": {
          "version": "0.0.1",
          "bundled": true,
          "dev": true
        },
        "minimatch": {
          "version": "3.0.4",
          "bundled": true,
          "dev": true,
          "requires": {
            "brace-expansion": "^1.1.7"
          }
        }
      }
    },
    "@aws-cdk/aws-efs": {
      "version": "1.85.0",
      "resolved": "https://registry.npmjs.org/@aws-cdk/aws-efs/-/aws-efs-1.85.0.tgz",
      "integrity": "sha512-3CRlch6hA8YdPV0cAt2vpY6AELGLzxSgPmotQ99kbX13zuXk23gDUvn/oYDehZVtEHBfiBESBZIU6RvcWULFhQ==",
      "dev": true,
      "requires": {
        "@aws-cdk/aws-ec2": "1.85.0",
        "@aws-cdk/aws-kms": "1.85.0",
        "@aws-cdk/cloud-assembly-schema": "1.85.0",
        "@aws-cdk/core": "1.85.0",
        "@aws-cdk/cx-api": "1.85.0",
        "constructs": "^3.2.0"
      }
    },
    "@aws-cdk/aws-elasticloadbalancing": {
      "version": "1.85.0",
      "resolved": "https://registry.npmjs.org/@aws-cdk/aws-elasticloadbalancing/-/aws-elasticloadbalancing-1.85.0.tgz",
      "integrity": "sha512-zK4TShBo//BWInuI8mH1hJ+wrRCR6duZqP8A3Qqb0iJWE+Ai8aKcJWS5FbR8d7XkYLjlR/e/TYwMQIMlrhmW/Q==",
      "dev": true,
      "requires": {
        "@aws-cdk/aws-ec2": "1.85.0",
        "@aws-cdk/core": "1.85.0",
        "constructs": "^3.2.0"
      }
    },
    "@aws-cdk/aws-elasticloadbalancingv2": {
      "version": "1.85.0",
      "resolved": "https://registry.npmjs.org/@aws-cdk/aws-elasticloadbalancingv2/-/aws-elasticloadbalancingv2-1.85.0.tgz",
      "integrity": "sha512-yM67QZ/IVmKYfuw82TlUYi+wbRtnRRk9FmDKUXKqwurXZbiC6fRrQg5iH+N7C5XkavJAGqaQJDpNSco1gFR2EQ==",
      "dev": true,
      "requires": {
        "@aws-cdk/aws-certificatemanager": "1.85.0",
        "@aws-cdk/aws-cloudwatch": "1.85.0",
        "@aws-cdk/aws-ec2": "1.85.0",
        "@aws-cdk/aws-iam": "1.85.0",
        "@aws-cdk/aws-lambda": "1.85.0",
        "@aws-cdk/aws-s3": "1.85.0",
        "@aws-cdk/cloud-assembly-schema": "1.85.0",
        "@aws-cdk/core": "1.85.0",
        "@aws-cdk/cx-api": "1.85.0",
        "@aws-cdk/region-info": "1.85.0",
        "constructs": "^3.2.0"
      }
    },
    "@aws-cdk/aws-events": {
      "version": "1.85.0",
      "resolved": "https://registry.npmjs.org/@aws-cdk/aws-events/-/aws-events-1.85.0.tgz",
      "integrity": "sha512-8BCl2+9/5ArYZ4PWfaHRDnRiU3BLzCOp0nu05t4kfPt9wL75DTuNjzgQx9EjUtYxTm4WyTaUrwlDkWBo3ggyQw==",
      "dev": true,
      "requires": {
        "@aws-cdk/aws-iam": "1.85.0",
        "@aws-cdk/core": "1.85.0",
        "constructs": "^3.2.0"
      }
    },
    "@aws-cdk/aws-iam": {
      "version": "1.85.0",
      "resolved": "https://registry.npmjs.org/@aws-cdk/aws-iam/-/aws-iam-1.85.0.tgz",
      "integrity": "sha512-8ToYOfs4ATDHq96LzpSX8+HHZ8cvr3TBI4BS2an1wiNlYFeF857qV3Jwxn9pG3n6b6/vG7XpHqQQbqFdWETNzQ==",
      "dev": true,
      "requires": {
        "@aws-cdk/core": "1.85.0",
        "@aws-cdk/region-info": "1.85.0",
        "constructs": "^3.2.0"
      }
    },
    "@aws-cdk/aws-kms": {
      "version": "1.85.0",
      "resolved": "https://registry.npmjs.org/@aws-cdk/aws-kms/-/aws-kms-1.85.0.tgz",
      "integrity": "sha512-57+XamcKt9GsUPowuYNavfUj/Eg47qFCUrCPb6IbRR2MzVbhqpQDTmlBHtITnihnnvM1pUdAwQiEOtfSdwmr8w==",
      "dev": true,
      "requires": {
        "@aws-cdk/aws-iam": "1.85.0",
        "@aws-cdk/core": "1.85.0",
        "@aws-cdk/cx-api": "1.85.0",
        "constructs": "^3.2.0"
      }
    },
    "@aws-cdk/aws-lambda": {
      "version": "1.85.0",
      "resolved": "https://registry.npmjs.org/@aws-cdk/aws-lambda/-/aws-lambda-1.85.0.tgz",
      "integrity": "sha512-56OWAEU5ekMxU56P6MF1dKyahLB2Hri0rjdMDsVaWRxZet+gvvS3Q7rkP8Xc9AptbV55eDeiFr9gcLhTi6fnPQ==",
      "dev": true,
      "requires": {
        "@aws-cdk/aws-applicationautoscaling": "1.85.0",
        "@aws-cdk/aws-cloudwatch": "1.85.0",
        "@aws-cdk/aws-codeguruprofiler": "1.85.0",
        "@aws-cdk/aws-ec2": "1.85.0",
        "@aws-cdk/aws-ecr": "1.85.0",
        "@aws-cdk/aws-ecr-assets": "1.85.0",
        "@aws-cdk/aws-efs": "1.85.0",
        "@aws-cdk/aws-events": "1.85.0",
        "@aws-cdk/aws-iam": "1.85.0",
        "@aws-cdk/aws-kms": "1.85.0",
        "@aws-cdk/aws-logs": "1.85.0",
        "@aws-cdk/aws-s3": "1.85.0",
        "@aws-cdk/aws-s3-assets": "1.85.0",
        "@aws-cdk/aws-sqs": "1.85.0",
        "@aws-cdk/core": "1.85.0",
        "@aws-cdk/cx-api": "1.85.0",
        "constructs": "^3.2.0"
      }
    },
    "@aws-cdk/aws-lambda-nodejs": {
      "version": "1.85.0",
      "resolved": "https://registry.npmjs.org/@aws-cdk/aws-lambda-nodejs/-/aws-lambda-nodejs-1.85.0.tgz",
      "integrity": "sha512-aswu7JchCDio0j+8FV563vUKvrsK+fudADta3EWC2u2sjsVTwsZ+9Ai7ifjei1AWeBzxN7uB2XlhHKH0dea76A==",
      "dev": true,
      "requires": {
        "@aws-cdk/aws-lambda": "1.85.0",
        "@aws-cdk/core": "1.85.0",
        "constructs": "^3.2.0"
      }
    },
    "@aws-cdk/aws-logs": {
      "version": "1.85.0",
      "resolved": "https://registry.npmjs.org/@aws-cdk/aws-logs/-/aws-logs-1.85.0.tgz",
      "integrity": "sha512-YpPS9HZGG9992n2od+KbxQOFxW3J4ckHooGshkQkkrRumetVnQnQgySnhJSsuGkQDaLQ7TbXWcAA2uWPMLt68g==",
      "dev": true,
      "requires": {
        "@aws-cdk/aws-cloudwatch": "1.85.0",
        "@aws-cdk/aws-iam": "1.85.0",
        "@aws-cdk/aws-kms": "1.85.0",
        "@aws-cdk/aws-s3-assets": "1.85.0",
        "@aws-cdk/core": "1.85.0",
        "constructs": "^3.2.0"
      }
    },
    "@aws-cdk/aws-route53": {
      "version": "1.85.0",
      "resolved": "https://registry.npmjs.org/@aws-cdk/aws-route53/-/aws-route53-1.85.0.tgz",
      "integrity": "sha512-1kTzmBsYgwIXksfCAqUqeO98X6/GDGU2CsEcw1VEhRk9mBh4d1hR4o16tSfM0UePODZEo5WD2fIzEK9y1zznmQ==",
      "dev": true,
      "requires": {
        "@aws-cdk/aws-ec2": "1.85.0",
        "@aws-cdk/aws-logs": "1.85.0",
        "@aws-cdk/cloud-assembly-schema": "1.85.0",
        "@aws-cdk/core": "1.85.0",
        "@aws-cdk/custom-resources": "1.85.0",
        "constructs": "^3.2.0"
      }
    },
    "@aws-cdk/aws-route53-targets": {
      "version": "1.85.0",
      "resolved": "https://registry.npmjs.org/@aws-cdk/aws-route53-targets/-/aws-route53-targets-1.85.0.tgz",
      "integrity": "sha512-TmMo6kReBYxTGlsi6jpEwp8mkey8Kgq7aMjNX0kxzJuCnNNwufBbU31ggKgLYR+kl2xYykYTedcg5C36+EWLVQ==",
      "dev": true,
      "requires": {
        "@aws-cdk/aws-apigateway": "1.85.0",
        "@aws-cdk/aws-apigatewayv2": "1.85.0",
        "@aws-cdk/aws-cloudfront": "1.85.0",
        "@aws-cdk/aws-cognito": "1.85.0",
        "@aws-cdk/aws-ec2": "1.85.0",
        "@aws-cdk/aws-elasticloadbalancing": "1.85.0",
        "@aws-cdk/aws-elasticloadbalancingv2": "1.85.0",
        "@aws-cdk/aws-iam": "1.85.0",
        "@aws-cdk/aws-route53": "1.85.0",
        "@aws-cdk/aws-s3": "1.85.0",
        "@aws-cdk/core": "1.85.0",
        "@aws-cdk/region-info": "1.85.0",
        "constructs": "^3.2.0"
      }
    },
    "@aws-cdk/aws-s3": {
      "version": "1.85.0",
      "resolved": "https://registry.npmjs.org/@aws-cdk/aws-s3/-/aws-s3-1.85.0.tgz",
      "integrity": "sha512-ySqTuUz0yb6EZgfbKsnWQLvkiq7j5/gD/hK/Ufcpr49NtqlGPYoGlYeSlhqIHklfRmip55d8k4TnrOsa2Nl2aA==",
      "dev": true,
      "requires": {
        "@aws-cdk/aws-events": "1.85.0",
        "@aws-cdk/aws-iam": "1.85.0",
        "@aws-cdk/aws-kms": "1.85.0",
        "@aws-cdk/core": "1.85.0",
        "@aws-cdk/cx-api": "1.85.0",
        "constructs": "^3.2.0"
      }
    },
    "@aws-cdk/aws-s3-assets": {
      "version": "1.85.0",
      "resolved": "https://registry.npmjs.org/@aws-cdk/aws-s3-assets/-/aws-s3-assets-1.85.0.tgz",
      "integrity": "sha512-aOrkUJffNNHpQcKuEJnXIvIa6kM26yvhcYDU6vanOuSxhDe30DVVKMm7C9oIrti4KfTOK4whuoPgAjZbR1Z+Rw==",
      "dev": true,
      "requires": {
        "@aws-cdk/assets": "1.85.0",
        "@aws-cdk/aws-iam": "1.85.0",
        "@aws-cdk/aws-kms": "1.85.0",
        "@aws-cdk/aws-s3": "1.85.0",
        "@aws-cdk/core": "1.85.0",
        "@aws-cdk/cx-api": "1.85.0",
        "constructs": "^3.2.0"
      }
    },
    "@aws-cdk/aws-s3-deployment": {
      "version": "1.85.0",
      "resolved": "https://registry.npmjs.org/@aws-cdk/aws-s3-deployment/-/aws-s3-deployment-1.85.0.tgz",
      "integrity": "sha512-BRlZayZGXl/Vjsp1F93hmritYrDX4sHhdnr2nUCikXHqx3uMFmuv1AWieEyhKF718sqMpkmPh0fnakhhD4APJQ==",
      "dev": true,
      "requires": {
        "@aws-cdk/aws-cloudfront": "1.85.0",
        "@aws-cdk/aws-ec2": "1.85.0",
        "@aws-cdk/aws-iam": "1.85.0",
        "@aws-cdk/aws-lambda": "1.85.0",
        "@aws-cdk/aws-s3": "1.85.0",
        "@aws-cdk/aws-s3-assets": "1.85.0",
        "@aws-cdk/core": "1.85.0",
        "@aws-cdk/lambda-layer-awscli": "1.85.0",
        "constructs": "^3.2.0"
      }
    },
    "@aws-cdk/aws-sns": {
      "version": "1.85.0",
      "resolved": "https://registry.npmjs.org/@aws-cdk/aws-sns/-/aws-sns-1.85.0.tgz",
      "integrity": "sha512-4PiEtcVUu8VdZbnKVIcDs/1X+XKLFgX2ylqywi6PYN3nSPjWRIyt2YIxwEIkS4eI1appel62GwXPCl2Ys2L/Cg==",
      "dev": true,
      "requires": {
        "@aws-cdk/aws-cloudwatch": "1.85.0",
        "@aws-cdk/aws-events": "1.85.0",
        "@aws-cdk/aws-iam": "1.85.0",
        "@aws-cdk/aws-kms": "1.85.0",
        "@aws-cdk/aws-sqs": "1.85.0",
        "@aws-cdk/core": "1.85.0",
        "constructs": "^3.2.0"
      }
    },
    "@aws-cdk/aws-sqs": {
      "version": "1.85.0",
      "resolved": "https://registry.npmjs.org/@aws-cdk/aws-sqs/-/aws-sqs-1.85.0.tgz",
      "integrity": "sha512-u4HQSg7YThETpdxdyfQ3izCSPLSBrycsp9m3Ekfxldfj8qKexwFJclxDrEvwhkhIbje05Tm0Vh/AQd/k5X5ifA==",
      "dev": true,
      "requires": {
        "@aws-cdk/aws-cloudwatch": "1.85.0",
        "@aws-cdk/aws-iam": "1.85.0",
        "@aws-cdk/aws-kms": "1.85.0",
        "@aws-cdk/core": "1.85.0",
        "constructs": "^3.2.0"
      }
    },
    "@aws-cdk/aws-ssm": {
      "version": "1.85.0",
      "resolved": "https://registry.npmjs.org/@aws-cdk/aws-ssm/-/aws-ssm-1.85.0.tgz",
      "integrity": "sha512-cSRf41awerxxKxVMXg9C1JJ131Ke44UgcYHQw/QBQZ16i+OjVgGrv7vI6gXoLrK47Xynh98yw0E8RxNiO85a2w==",
      "dev": true,
      "requires": {
        "@aws-cdk/aws-iam": "1.85.0",
        "@aws-cdk/aws-kms": "1.85.0",
        "@aws-cdk/cloud-assembly-schema": "1.85.0",
        "@aws-cdk/core": "1.85.0",
        "constructs": "^3.2.0"
      }
    },
    "@aws-cdk/cloud-assembly-schema": {
      "version": "1.85.0",
      "resolved": "https://registry.npmjs.org/@aws-cdk/cloud-assembly-schema/-/cloud-assembly-schema-1.85.0.tgz",
      "integrity": "sha512-gDI1uGTy9/Cr1GvUGkKpEelMfSNccESv8ZNVNzf/2huSMF3Qu8ac549RU4iubF8ysYKuwuizGhIsJX2URDBlDA==",
      "dev": true,
      "requires": {
        "jsonschema": "^1.4.0",
        "semver": "^7.3.2"
      },
      "dependencies": {
        "jsonschema": {
          "version": "1.4.0",
          "bundled": true,
          "dev": true
        },
        "semver": {
          "version": "7.3.2",
          "bundled": true,
          "dev": true
        }
      }
    },
    "@aws-cdk/core": {
      "version": "1.85.0",
      "resolved": "https://registry.npmjs.org/@aws-cdk/core/-/core-1.85.0.tgz",
      "integrity": "sha512-L8fiMg4Dpe8qhV+dClBSQldLt0LBEyz7EOigL3YEi+yMxQ2dBZAeryroh609Cnn/WlzNPob795FWmvMqTbrdAw==",
      "dev": true,
      "requires": {
        "@aws-cdk/cloud-assembly-schema": "1.85.0",
        "@aws-cdk/cx-api": "1.85.0",
        "@aws-cdk/region-info": "1.85.0",
        "@balena/dockerignore": "^1.0.2",
        "constructs": "^3.2.0",
        "fs-extra": "^9.0.1",
        "ignore": "^5.1.8",
        "minimatch": "^3.0.4"
      },
      "dependencies": {
        "@balena/dockerignore": {
          "version": "1.0.2",
          "bundled": true,
          "dev": true
        },
        "at-least-node": {
          "version": "1.0.0",
          "bundled": true,
          "dev": true
        },
        "balanced-match": {
          "version": "1.0.0",
          "bundled": true,
          "dev": true
        },
        "brace-expansion": {
          "version": "1.1.11",
          "bundled": true,
          "dev": true,
          "requires": {
            "balanced-match": "^1.0.0",
            "concat-map": "0.0.1"
          }
        },
        "concat-map": {
          "version": "0.0.1",
          "bundled": true,
          "dev": true
        },
        "fs-extra": {
          "version": "9.0.1",
          "bundled": true,
          "dev": true,
          "requires": {
            "at-least-node": "^1.0.0",
            "graceful-fs": "^4.2.0",
            "jsonfile": "^6.0.1",
            "universalify": "^1.0.0"
          }
        },
        "graceful-fs": {
          "version": "4.2.4",
          "bundled": true,
          "dev": true
        },
        "ignore": {
          "version": "5.1.8",
          "bundled": true,
          "dev": true
        },
        "jsonfile": {
          "version": "6.1.0",
          "bundled": true,
          "dev": true,
          "requires": {
            "graceful-fs": "^4.1.6",
            "universalify": "^2.0.0"
          },
          "dependencies": {
            "universalify": {
              "version": "2.0.0",
              "bundled": true,
              "dev": true
            }
          }
        },
        "minimatch": {
          "version": "3.0.4",
          "bundled": true,
          "dev": true,
          "requires": {
            "brace-expansion": "^1.1.7"
          }
        },
        "universalify": {
          "version": "1.0.0",
          "bundled": true,
          "dev": true
        }
      }
    },
    "@aws-cdk/custom-resources": {
      "version": "1.85.0",
      "resolved": "https://registry.npmjs.org/@aws-cdk/custom-resources/-/custom-resources-1.85.0.tgz",
      "integrity": "sha512-O9P5r4EoFnI4BCcVMOFjDaIhNgo+rEnB1m5jGlRsPSuwpFvgbRljwODGOqjYqZN5eyR8n7O0HA0fKxJlsHCvgQ==",
      "dev": true,
      "requires": {
        "@aws-cdk/aws-cloudformation": "1.85.0",
        "@aws-cdk/aws-ec2": "1.85.0",
        "@aws-cdk/aws-iam": "1.85.0",
        "@aws-cdk/aws-lambda": "1.85.0",
        "@aws-cdk/aws-logs": "1.85.0",
        "@aws-cdk/aws-sns": "1.85.0",
        "@aws-cdk/core": "1.85.0",
        "constructs": "^3.2.0"
      }
    },
    "@aws-cdk/cx-api": {
      "version": "1.85.0",
      "resolved": "https://registry.npmjs.org/@aws-cdk/cx-api/-/cx-api-1.85.0.tgz",
      "integrity": "sha512-Vm0Fnci+o5AEI48/URsfWcvF6LhcRljFZ41usOqOVZuDHVGqD7E3O6nHD+TcVHvqW9Ack9cL8bXmVw7sgCvYJg==",
      "dev": true,
      "requires": {
        "@aws-cdk/cloud-assembly-schema": "1.85.0",
        "semver": "^7.3.2"
      },
      "dependencies": {
        "semver": {
          "version": "7.3.2",
          "bundled": true,
          "dev": true
        }
      }
    },
    "@aws-cdk/lambda-layer-awscli": {
      "version": "1.85.0",
      "resolved": "https://registry.npmjs.org/@aws-cdk/lambda-layer-awscli/-/lambda-layer-awscli-1.85.0.tgz",
      "integrity": "sha512-PnzYEcCKua17Ulkvwzy7rcvqhRTftjnol0AD81bGAzNeTUAiRNgYzL/lgb5jPM4DyIfgcyveFqZaZBTSZI1o+w==",
      "dev": true,
      "requires": {
        "@aws-cdk/aws-lambda": "1.85.0",
        "@aws-cdk/core": "1.85.0",
        "constructs": "^3.2.0"
      }
    },
    "@aws-cdk/region-info": {
      "version": "1.85.0",
      "resolved": "https://registry.npmjs.org/@aws-cdk/region-info/-/region-info-1.85.0.tgz",
      "integrity": "sha512-7GPJOcuORLkHniFrqsoB0YiMKlDGVUPAH5ZzidLSEnQqgnf67d9ZHFqarj8GEr4ZuV/lgAavUK5T/CxEqLfLcw==",
      "dev": true
    },
    "@jakepartusch/notlify": {
      "version": "0.0.12",
      "resolved": "https://registry.npmjs.org/@jakepartusch/notlify/-/notlify-0.0.12.tgz",
      "integrity": "sha512-HQ3iANFzm3KaMv3RDeZ7ZaazHeVU+s2PtGrA7lAl1Jy+rQSIOvA0RkxVgXXE8MHLYJ4IePMBxvKcF5uYZxy/eA==",
      "dev": true,
      "requires": {
        "@aws-cdk/aws-apigateway": "1.85.0",
        "@aws-cdk/aws-certificatemanager": "1.85.0",
        "@aws-cdk/aws-cloudfront": "1.85.0",
        "@aws-cdk/aws-lambda-nodejs": "1.85.0",
        "@aws-cdk/aws-route53": "1.85.0",
        "@aws-cdk/aws-route53-targets": "1.85.0",
        "@aws-cdk/aws-s3": "1.85.0",
        "@aws-cdk/aws-s3-deployment": "1.85.0",
        "@aws-cdk/core": "1.85.0",
        "arg": "^5.0.0",
        "nanoid": "^3.1.20"
      }
    },
    "@types/aws-lambda": {
      "version": "8.10.70",
      "resolved": "https://registry.npmjs.org/@types/aws-lambda/-/aws-lambda-8.10.70.tgz",
      "integrity": "sha512-adaPn39OKMIzCxaf2KHBu4d3MJKLGdm27zxAyag+rAI1UTwgtgEgrwRpuzN1NDMZn/i6vRxJZRbsSmlw7I0/Sg==",
      "dev": true
    },
    "arg": {
      "version": "5.0.0",
      "resolved": "https://registry.npmjs.org/arg/-/arg-5.0.0.tgz",
      "integrity": "sha512-4P8Zm2H+BRS+c/xX1LrHw0qKpEhdlZjLCgWy+d78T9vqa2Z2SiD2wMrYuWIAFy5IZUD7nnNXroRttz+0RzlrzQ==",
      "dev": true
    },
    "constructs": {
      "version": "3.2.112",
      "resolved": "https://registry.npmjs.org/constructs/-/constructs-3.2.112.tgz",
      "integrity": "sha512-FwhMxwCn5/fl3hig1go1BpVV3klkMCjhGjfjxb+qZe1/S82Nm5TRNsU3A+03+8kXFmt6Ldsao+yO3TPedSROwQ==",
      "dev": true
    },
    "nanoid": {
      "version": "3.1.20",
      "resolved": "https://registry.npmjs.org/nanoid/-/nanoid-3.1.20.tgz",
      "integrity": "sha512-a1cQNyczgKbLX9jwbS/+d7W8fX/RfgYR7lVWwWOGIPNgK2m0MWvrGF6/m4kk6U3QcFMnZf3RIhL0v2Jgh/0Uxw==",
      "dev": true
    }
  }
}
